
Microsoft Visual Studio Solution File, Format Version 12.00
# Visual Studio Version 17
VisualStudioVersion = 17.12.35527.113 d17.12
MinimumVisualStudioVersion = 10.0.40219.1
Project("{FAE04EC0-301F-11D3-BF4B-00C04F79EFBC}") = "CoffeeMachine.Server", "CoffeeMachine.Server\CoffeeMachine.Server.csproj", "{B42FD011-F7A1-44B4-8B6B-D87C28EBA7B0}"
EndProject
Project("{54A90642-561A-4BB1-A94E-469ADEE60C69}") = "coffeemachine.client", "coffeemachine.client\coffeemachine.client.esproj", "{F5B639A9-EF3D-4600-9AD0-88F24F77271E}"
EndProject
Global
	GlobalSection(SolutionConfigurationPlatforms) = preSolution
		Debug|Any CPU = Debug|Any CPU
		Release|Any CPU = Release|Any CPU
	EndGlobalSection
	GlobalSection(ProjectConfigurationPlatforms) = postSolution
		{B42FD011-F7A1-44B4-8B6B-D87C28EBA7B0}.Debug|Any CPU.ActiveCfg = Debug|Any CPU
		{B42FD011-F7A1-44B4-8B6B-D87C28EBA7B0}.Debug|Any CPU.Build.0 = Debug|Any CPU
		{B42FD011-F7A1-44B4-8B6B-D87C28EBA7B0}.Release|Any CPU.ActiveCfg = Release|Any CPU
		{B42FD011-F7A1-44B4-8B6B-D87C28EBA7B0}.Release|Any CPU.Build.0 = Release|Any CPU
		{F5B639A9-EF3D-4600-9AD0-88F24F77271E}.Debug|Any CPU.ActiveCfg = Debug|Any CPU
		{F5B639A9-EF3D-4600-9AD0-88F24F77271E}.Debug|Any CPU.Build.0 = Debug|Any CPU
		{F5B639A9-EF3D-4600-9AD0-88F24F77271E}.Debug|Any CPU.Deploy.0 = Debug|Any CPU
		{F5B639A9-EF3D-4600-9AD0-88F24F77271E}.Release|Any CPU.ActiveCfg = Release|Any CPU
		{F5B639A9-EF3D-4600-9AD0-88F24F77271E}.Release|Any CPU.Build.0 = Release|Any CPU
		{F5B639A9-EF3D-4600-9AD0-88F24F77271E}.Release|Any CPU.Deploy.0 = Release|Any CPU
	EndGlobalSection
	GlobalSection(SolutionProperties) = preSolution
		HideSolutionNode = FALSE
	EndGlobalSection
EndGlobal
